{
  "name": "okane",
  "version": "1.0.0",
  "lockfileVersion": 3,
  "requires": true,
  "packages": {
    "": {
      "name": "okane",
      "version": "1.0.0",
      "license": "ISC",
      "devDependencies": {
        "lefthook": "^1.6.8"
      }
    },
    "node_modules/lefthook": {
      "version": "1.6.8",
      "resolved": "https://registry.npmjs.org/lefthook/-/lefthook-1.6.8.tgz",
      "integrity": "sha512-h+5S3FLhErIrVTz+uLaysS0kATlzCW8Wa1DUqpu0rYsimsEk/TrP9cMnTVd0UKq3Ks2ooq5pCUmnipJy5zl1VQ==",
      "dev": true,
      "hasInstallScript": true,
      "bin": {
        "lefthook": "bin/index.js"
      },
      "optionalDependencies": {
        "lefthook-darwin-arm64": "1.6.8",
        "lefthook-darwin-x64": "1.6.8",
        "lefthook-freebsd-arm64": "1.6.8",
        "lefthook-freebsd-x64": "1.6.8",
        "lefthook-linux-arm64": "1.6.8",
        "lefthook-linux-x64": "1.6.8",
        "lefthook-windows-arm64": "1.6.8",
        "lefthook-windows-x64": "1.6.8"
      }
    },
    "node_modules/lefthook-darwin-arm64": {
      "version": "1.6.8",
      "resolved": "https://registry.npmjs.org/lefthook-darwin-arm64/-/lefthook-darwin-arm64-1.6.8.tgz",
      "integrity": "sha512-L7iZVANp92MsYHRlpOlItXWGS6QL0w1E6T5GO00SGVoVPClA+Tkt26BFPhLZKa3pMbSHEhGTHeBMWJZ2Un/TnQ==",
      "cpu": [
        "arm64"
      ],
      "dev": true,
      "optional": true,
      "os": [
        "darwin"
      ]
    },
    "node_modules/lefthook-darwin-x64": {
      "version": "1.6.8",
      "resolved": "https://registry.npmjs.org/lefthook-darwin-x64/-/lefthook-darwin-x64-1.6.8.tgz",
      "integrity": "sha512-BhYwl1CBi0eKKfsD9Bd6a6wmmaLHaZEBS5PlGc0h8hRWxC+CmBZyR0VDqXli9yxmgraI6psehM+w1v7RkP5pSg==",
      "cpu": [
        "x64"
      ],
      "dev": true,
      "optional": true,
      "os": [
        "darwin"
      ]
    },
    "node_modules/lefthook-freebsd-arm64": {
      "version": "1.6.8",
      "resolved": "https://registry.npmjs.org/lefthook-freebsd-arm64/-/lefthook-freebsd-arm64-1.6.8.tgz",
      "integrity": "sha512-pr86NVKUOiK0MwW2UZRLiDlYLV8XaqxKWRltVut4W78Ywb0PNTb3k4LVeMwfXiNqEgD8gug9vE8aZY1U3D2HMA==",
      "cpu": [
        "arm64"
      ],
      "dev": true,
      "optional": true,
      "os": [
        "freebsd"
      ]
    },
    "node_modules/lefthook-freebsd-x64": {
      "version": "1.6.8",
      "resolved": "https://registry.npmjs.org/lefthook-freebsd-x64/-/lefthook-freebsd-x64-1.6.8.tgz",
      "integrity": "sha512-pyzYRCHf6jSWoZJG22kE7KFbHQ1B6sHcxXP9o/Y5H8T/sHUxO03GEtdrGwyijMP0EJYb1vMfVWYY5WbWfg6SPg==",
      "cpu": [
        "x64"
      ],
      "dev": true,
      "optional": true,
      "os": [
        "freebsd"
      ]
    },
    "node_modules/lefthook-linux-arm64": {
      "version": "1.6.8",
      "resolved": "https://registry.npmjs.org/lefthook-linux-arm64/-/lefthook-linux-arm64-1.6.8.tgz",
      "integrity": "sha512-1VsEnfxWhs8YLMUnlYdbLBLldJrqJi/G2Isrvx0KBBu/nILxMmNa5GIQo8uqeeufmi/WVc8g3xgJtPxSp3NXnw==",
      "cpu": [
        "arm64"
      ],
      "dev": true,
      "optional": true,
      "os": [
        "linux"
      ]
    },
    "node_modules/lefthook-linux-x64": {
      "version": "1.6.8",
      "resolved": "https://registry.npmjs.org/lefthook-linux-x64/-/lefthook-linux-x64-1.6.8.tgz",
      "integrity": "sha512-0e4GSPBhJkngO4qAX5bqJLYTftrBfulLiwbsWX6hx4SWFY3kFpCLtAYD8zfvfQaAfwb9Ieut2XnqcE9mNfI9+Q==",
      "cpu": [
        "x64"
      ],
      "dev": true,
      "optional": true,
      "os": [
        "linux"
      ]
    },
    "node_modules/lefthook-windows-arm64": {
      "version": "1.6.8",
      "resolved": "https://registry.npmjs.org/lefthook-windows-arm64/-/lefthook-windows-arm64-1.6.8.tgz",
      "integrity": "sha512-bVYRF4mBcT2T5/uN5pJpk9jqvik8JLtgRL+BxTKPshuVFO2nJczgdX1lWRnveGyz84DHwYgu+GwYl7PLjGU28A==",
      "cpu": [
        "arm64"
      ],
      "dev": true,
      "optional": true,
      "os": [
        "win32"
      ]
    },
    "node_modules/lefthook-windows-x64": {
      "version": "1.6.8",
      "resolved": "https://registry.npmjs.org/lefthook-windows-x64/-/lefthook-windows-x64-1.6.8.tgz",
      "integrity": "sha512-cT3ZopXAFyEsfkRf+wRwINBPWUMYi2Wba59BqN8JU/Tfuuv7Of2e51u+VTsHMR+8+JdEt3A8Kl20xw24E8ccAg==",
      "cpu": [
        "x64"
      ],
      "dev": true,
      "optional": true,
      "os": [
        "win32"
      ]
    }
  }
}
